
Microsoft Visual Studio Solution File, Format Version 12.00
# Visual Studio 15
VisualStudioVersion = 15.0.28010.2036
MinimumVisualStudioVersion = 10.0.40219.1
Project("{FAE04EC0-301F-11D3-BF4B-00C04F79EFBC}") = "DataCompression", "DataCompression\DataCompression.csproj", "{151364E0-8752-46C1-AF3A-E32B151F5AC6}"
EndProject
Global
	GlobalSection(SolutionConfigurationPlatforms) = preSolution
		Debug|Any CPU = Debug|Any CPU
		Release|Any CPU = Release|Any CPU
	EndGlobalSection
	GlobalSection(ProjectConfigurationPlatforms) = postSolution
		{151364E0-8752-46C1-AF3A-E32B151F5AC6}.Debug|Any CPU.ActiveCfg = Debug|Any CPU
		{151364E0-8752-46C1-AF3A-E32B151F5AC6}.Debug|Any CPU.Build.0 = Debug|Any CPU
		{151364E0-8752-46C1-AF3A-E32B151F5AC6}.Release|Any CPU.ActiveCfg = Release|Any CPU
		{151364E0-8752-46C1-AF3A-E32B151F5AC6}.Release|Any CPU.Build.0 = Release|Any CPU
	EndGlobalSection
	GlobalSection(SolutionProperties) = preSolution
		HideSolutionNode = FALSE
	EndGlobalSection
	GlobalSection(ExtensibilityGlobals) = postSolution
		SolutionGuid = {C83C1EEC-F11D-4EBA-8619-9D2912FD5220}
	EndGlobalSection
EndGlobal
